github.com/davecgh/go-spew v1.1.1 h1:vj9j/u1bqnvCEfJOwUhtlOARqs3+rkHYY13jYWTU97c=
github.com/davecgh/go-spew v1.1.1/go.mod h1:J7Y8YcW2NihsgmVo/mv3lAwl/skON4iLHjSsI+c5H38=
github.com/j03hanafi/bankiso v0.0.27 h1:GBs1dY1qMQLhSO901ZMdLstvcXLRc4XO48ja4fBZxYw=
github.com/j03hanafi/bankiso v0.0.27/go.mod h1:eZU2c9RW6THDKXtIhYlVPUqsuhPc7cNxZRsrOSOx7Xg=
